
Microsoft Visual Studio Solution File, Format Version 12.00
# Visual Studio 2012
Project("{FAE04EC0-301F-11D3-BF4B-00C04F79EFBC}") = "ModuleSix", "ModuleSix\ModuleSix.csproj", "{B9C72DE8-620D-4912-AEF5-0F9FD19E9614}"
EndProject
Global
	GlobalSection(SolutionConfigurationPlatforms) = preSolution
		Debug|Any CPU = Debug|Any CPU
		Release|Any CPU = Release|Any CPU
	EndGlobalSection
	GlobalSection(ProjectConfigurationPlatforms) = postSolution
		{B9C72DE8-620D-4912-AEF5-0F9FD19E9614}.Debug|Any CPU.ActiveCfg = Debug|Any CPU
		{B9C72DE8-620D-4912-AEF5-0F9FD19E9614}.Debug|Any CPU.Build.0 = Debug|Any CPU
		{B9C72DE8-620D-4912-AEF5-0F9FD19E9614}.Release|Any CPU.ActiveCfg = Release|Any CPU
		{B9C72DE8-620D-4912-AEF5-0F9FD19E9614}.Release|Any CPU.Build.0 = Release|Any CPU
	EndGlobalSection
	GlobalSection(SolutionProperties) = preSolution
		HideSolutionNode = FALSE
	EndGlobalSection
EndGlobal
