
Microsoft Visual Studio Solution File, Format Version 12.00
# Visual Studio 2012
Project("{FAE04EC0-301F-11D3-BF4B-00C04F79EFBC}") = "ModuleThree", "ModuleThree\ModuleThree.csproj", "{6847A5A4-C151-4EF5-A57E-2E45608AD18C}"
EndProject
Global
	GlobalSection(SolutionConfigurationPlatforms) = preSolution
		Debug|Any CPU = Debug|Any CPU
		Release|Any CPU = Release|Any CPU
	EndGlobalSection
	GlobalSection(ProjectConfigurationPlatforms) = postSolution
		{6847A5A4-C151-4EF5-A57E-2E45608AD18C}.Debug|Any CPU.ActiveCfg = Debug|Any CPU
		{6847A5A4-C151-4EF5-A57E-2E45608AD18C}.Debug|Any CPU.Build.0 = Debug|Any CPU
		{6847A5A4-C151-4EF5-A57E-2E45608AD18C}.Release|Any CPU.ActiveCfg = Release|Any CPU
		{6847A5A4-C151-4EF5-A57E-2E45608AD18C}.Release|Any CPU.Build.0 = Release|Any CPU
	EndGlobalSection
	GlobalSection(SolutionProperties) = preSolution
		HideSolutionNode = FALSE
	EndGlobalSection
EndGlobal
