
Microsoft Visual Studio Solution File, Format Version 12.00
# Visual Studio 2012
Project("{FAE04EC0-301F-11D3-BF4B-00C04F79EFBC}") = "MudoleOne", "MudoleOne\MudoleOne.csproj", "{1DBFE26B-6C1F-4E18-BFB4-4B0E10E426AF}"
EndProject
Global
	GlobalSection(SolutionConfigurationPlatforms) = preSolution
		Debug|Any CPU = Debug|Any CPU
		Release|Any CPU = Release|Any CPU
	EndGlobalSection
	GlobalSection(ProjectConfigurationPlatforms) = postSolution
		{1DBFE26B-6C1F-4E18-BFB4-4B0E10E426AF}.Debug|Any CPU.ActiveCfg = Debug|Any CPU
		{1DBFE26B-6C1F-4E18-BFB4-4B0E10E426AF}.Debug|Any CPU.Build.0 = Debug|Any CPU
		{1DBFE26B-6C1F-4E18-BFB4-4B0E10E426AF}.Release|Any CPU.ActiveCfg = Release|Any CPU
		{1DBFE26B-6C1F-4E18-BFB4-4B0E10E426AF}.Release|Any CPU.Build.0 = Release|Any CPU
	EndGlobalSection
	GlobalSection(SolutionProperties) = preSolution
		HideSolutionNode = FALSE
	EndGlobalSection
EndGlobal
